
Microsoft Visual Studio Solution File, Format Version 12.00
# Visual Studio 2013
VisualStudioVersion = 12.0.21005.1
MinimumVisualStudioVersion = 10.0.40219.1
Project("{FAE04EC0-301F-11D3-BF4B-00C04F79EFBC}") = "HelloCSharp", "HelloCSharp1\HelloCSharp.csproj", "{287AC226-B797-4907-9332-6E346BA4CBF6}"
EndProject
Project("{FAE04EC0-301F-11D3-BF4B-00C04F79EFBC}") = "PrintMyName", "PrintMyName\PrintMyName.csproj", "{0BDD82B4-6D0A-44F6-91E8-14072BABD546}"
EndProject
Project("{FAE04EC0-301F-11D3-BF4B-00C04F79EFBC}") = "PrintFirstandLastName", "PrintFirstandLastName\PrintFirstandLastName.csproj", "{C253E381-1E3D-4914-A833-41B968F7A5CB}"
EndProject
Project("{FAE04EC0-301F-11D3-BF4B-00C04F79EFBC}") = "SquareRoot", "SquareRoot\SquareRoot.csproj", "{7FBCF840-0ED0-402F-B79F-45EFE5267984}"
EndProject
Project("{FAE04EC0-301F-11D3-BF4B-00C04F79EFBC}") = "HorribleCode", "HorribleCode\HorribleCode.csproj", "{9E260226-C53B-46C6-B071-9C4540DC1E3F}"
EndProject
Project("{FAE04EC0-301F-11D3-BF4B-00C04F79EFBC}") = "CurrentDateAndTime", "CurrentDateAndTime\CurrentDateAndTime.csproj", "{6F01FE0D-5E9C-4E4D-9C3D-570A75C2A903}"
EndProject
Project("{FAE04EC0-301F-11D3-BF4B-00C04F79EFBC}") = "Print a Sequence", "Print a Sequence\Print a Sequence.csproj", "{CFBED21E-448C-469E-8909-81351DADFB0E}"
EndProject
Project("{FAE04EC0-301F-11D3-BF4B-00C04F79EFBC}") = "AgeAfterTenYears", "AgeAfterTenYears\AgeAfterTenYears.csproj", "{78992C3F-E86B-49DD-A665-08747B1369CC}"
EndProject
Project("{FAE04EC0-301F-11D3-BF4B-00C04F79EFBC}") = "Sequence1000", "Sequence1000\Sequence1000.csproj", "{94C3FE98-E0D4-4D3A-A29A-3F68C9452601}"
EndProject
Project("{FAE04EC0-301F-11D3-BF4B-00C04F79EFBC}") = "PrintNumbers", "PrintNumbers\PrintNumbers.csproj", "{E9E13CBC-FF9E-4224-A052-42C8E8934DB1}"
EndProject
Global
	GlobalSection(SolutionConfigurationPlatforms) = preSolution
		Debug|Any CPU = Debug|Any CPU
		Release|Any CPU = Release|Any CPU
	EndGlobalSection
	GlobalSection(ProjectConfigurationPlatforms) = postSolution
		{287AC226-B797-4907-9332-6E346BA4CBF6}.Debug|Any CPU.ActiveCfg = Debug|Any CPU
		{287AC226-B797-4907-9332-6E346BA4CBF6}.Debug|Any CPU.Build.0 = Debug|Any CPU
		{287AC226-B797-4907-9332-6E346BA4CBF6}.Release|Any CPU.ActiveCfg = Release|Any CPU
		{287AC226-B797-4907-9332-6E346BA4CBF6}.Release|Any CPU.Build.0 = Release|Any CPU
		{0BDD82B4-6D0A-44F6-91E8-14072BABD546}.Debug|Any CPU.ActiveCfg = Debug|Any CPU
		{0BDD82B4-6D0A-44F6-91E8-14072BABD546}.Debug|Any CPU.Build.0 = Debug|Any CPU
		{0BDD82B4-6D0A-44F6-91E8-14072BABD546}.Release|Any CPU.ActiveCfg = Release|Any CPU
		{0BDD82B4-6D0A-44F6-91E8-14072BABD546}.Release|Any CPU.Build.0 = Release|Any CPU
		{C253E381-1E3D-4914-A833-41B968F7A5CB}.Debug|Any CPU.ActiveCfg = Debug|Any CPU
		{C253E381-1E3D-4914-A833-41B968F7A5CB}.Debug|Any CPU.Build.0 = Debug|Any CPU
		{C253E381-1E3D-4914-A833-41B968F7A5CB}.Release|Any CPU.ActiveCfg = Release|Any CPU
		{C253E381-1E3D-4914-A833-41B968F7A5CB}.Release|Any CPU.Build.0 = Release|Any CPU
		{7FBCF840-0ED0-402F-B79F-45EFE5267984}.Debug|Any CPU.ActiveCfg = Debug|Any CPU
		{7FBCF840-0ED0-402F-B79F-45EFE5267984}.Debug|Any CPU.Build.0 = Debug|Any CPU
		{7FBCF840-0ED0-402F-B79F-45EFE5267984}.Release|Any CPU.ActiveCfg = Release|Any CPU
		{7FBCF840-0ED0-402F-B79F-45EFE5267984}.Release|Any CPU.Build.0 = Release|Any CPU
		{9E260226-C53B-46C6-B071-9C4540DC1E3F}.Debug|Any CPU.ActiveCfg = Debug|Any CPU
		{9E260226-C53B-46C6-B071-9C4540DC1E3F}.Debug|Any CPU.Build.0 = Debug|Any CPU
		{9E260226-C53B-46C6-B071-9C4540DC1E3F}.Release|Any CPU.ActiveCfg = Release|Any CPU
		{9E260226-C53B-46C6-B071-9C4540DC1E3F}.Release|Any CPU.Build.0 = Release|Any CPU
		{6F01FE0D-5E9C-4E4D-9C3D-570A75C2A903}.Debug|Any CPU.ActiveCfg = Debug|Any CPU
		{6F01FE0D-5E9C-4E4D-9C3D-570A75C2A903}.Debug|Any CPU.Build.0 = Debug|Any CPU
		{6F01FE0D-5E9C-4E4D-9C3D-570A75C2A903}.Release|Any CPU.ActiveCfg = Release|Any CPU
		{6F01FE0D-5E9C-4E4D-9C3D-570A75C2A903}.Release|Any CPU.Build.0 = Release|Any CPU
		{CFBED21E-448C-469E-8909-81351DADFB0E}.Debug|Any CPU.ActiveCfg = Debug|Any CPU
		{CFBED21E-448C-469E-8909-81351DADFB0E}.Debug|Any CPU.Build.0 = Debug|Any CPU
		{CFBED21E-448C-469E-8909-81351DADFB0E}.Release|Any CPU.ActiveCfg = Release|Any CPU
		{CFBED21E-448C-469E-8909-81351DADFB0E}.Release|Any CPU.Build.0 = Release|Any CPU
		{78992C3F-E86B-49DD-A665-08747B1369CC}.Debug|Any CPU.ActiveCfg = Debug|Any CPU
		{78992C3F-E86B-49DD-A665-08747B1369CC}.Debug|Any CPU.Build.0 = Debug|Any CPU
		{78992C3F-E86B-49DD-A665-08747B1369CC}.Release|Any CPU.ActiveCfg = Release|Any CPU
		{78992C3F-E86B-49DD-A665-08747B1369CC}.Release|Any CPU.Build.0 = Release|Any CPU
		{94C3FE98-E0D4-4D3A-A29A-3F68C9452601}.Debug|Any CPU.ActiveCfg = Debug|Any CPU
		{94C3FE98-E0D4-4D3A-A29A-3F68C9452601}.Debug|Any CPU.Build.0 = Debug|Any CPU
		{94C3FE98-E0D4-4D3A-A29A-3F68C9452601}.Release|Any CPU.ActiveCfg = Release|Any CPU
		{94C3FE98-E0D4-4D3A-A29A-3F68C9452601}.Release|Any CPU.Build.0 = Release|Any CPU
		{E9E13CBC-FF9E-4224-A052-42C8E8934DB1}.Debug|Any CPU.ActiveCfg = Debug|Any CPU
		{E9E13CBC-FF9E-4224-A052-42C8E8934DB1}.Debug|Any CPU.Build.0 = Debug|Any CPU
		{E9E13CBC-FF9E-4224-A052-42C8E8934DB1}.Release|Any CPU.ActiveCfg = Release|Any CPU
		{E9E13CBC-FF9E-4224-A052-42C8E8934DB1}.Release|Any CPU.Build.0 = Release|Any CPU
	EndGlobalSection
	GlobalSection(SolutionProperties) = preSolution
		HideSolutionNode = FALSE
	EndGlobalSection
EndGlobal
